
Microsoft Visual Studio Solution File, Format Version 12.00
# Visual Studio Version 16
VisualStudioVersion = 16.0.28803.156
MinimumVisualStudioVersion = 10.0.40219.1
Project("{8BC9CEB8-8B4A-11D0-8D11-00A0C91BC942}") = "ダイクストラ", "ダイクストラ\ダイクストラ.vcxproj", "{E6435CC3-C318-4061-ACD5-BDE521F58F85}"
EndProject
Global
	GlobalSection(SolutionConfigurationPlatforms) = preSolution
		Debug|x64 = Debug|x64
		Debug|x86 = Debug|x86
		Release|x64 = Release|x64
		Release|x86 = Release|x86
	EndGlobalSection
	GlobalSection(ProjectConfigurationPlatforms) = postSolution
		{E6435CC3-C318-4061-ACD5-BDE521F58F85}.Debug|x64.ActiveCfg = Debug|x64
		{E6435CC3-C318-4061-ACD5-BDE521F58F85}.Debug|x64.Build.0 = Debug|x64
		{E6435CC3-C318-4061-ACD5-BDE521F58F85}.Debug|x86.ActiveCfg = Debug|Win32
		{E6435CC3-C318-4061-ACD5-BDE521F58F85}.Debug|x86.Build.0 = Debug|Win32
		{E6435CC3-C318-4061-ACD5-BDE521F58F85}.Release|x64.ActiveCfg = Release|x64
		{E6435CC3-C318-4061-ACD5-BDE521F58F85}.Release|x64.Build.0 = Release|x64
		{E6435CC3-C318-4061-ACD5-BDE521F58F85}.Release|x86.ActiveCfg = Release|Win32
		{E6435CC3-C318-4061-ACD5-BDE521F58F85}.Release|x86.Build.0 = Release|Win32
	EndGlobalSection
	GlobalSection(SolutionProperties) = preSolution
		HideSolutionNode = FALSE
	EndGlobalSection
	GlobalSection(ExtensibilityGlobals) = postSolution
		SolutionGuid = {2167908E-0515-47CE-9346-FD2EEB8D6A19}
	EndGlobalSection
EndGlobal
